
Microsoft Visual Studio Solution File, Format Version 12.00
# Visual Studio Version 17
VisualStudioVersion = 17.11.35327.3
MinimumVisualStudioVersion = 10.0.40219.1
Project("{FAE04EC0-301F-11D3-BF4B-00C04F79EFBC}") = "DevFreela.API", "DevFreela.API\DevFreela.API.csproj", "{63826679-8BBA-4F67-9504-782999C9A28A}"
EndProject
Global
	GlobalSection(SolutionConfigurationPlatforms) = preSolution
		Debug|Any CPU = Debug|Any CPU
		Release|Any CPU = Release|Any CPU
	EndGlobalSection
	GlobalSection(ProjectConfigurationPlatforms) = postSolution
		{63826679-8BBA-4F67-9504-782999C9A28A}.Debug|Any CPU.ActiveCfg = Debug|Any CPU
		{63826679-8BBA-4F67-9504-782999C9A28A}.Debug|Any CPU.Build.0 = Debug|Any CPU
		{63826679-8BBA-4F67-9504-782999C9A28A}.Release|Any CPU.ActiveCfg = Release|Any CPU
		{63826679-8BBA-4F67-9504-782999C9A28A}.Release|Any CPU.Build.0 = Release|Any CPU
	EndGlobalSection
	GlobalSection(SolutionProperties) = preSolution
		HideSolutionNode = FALSE
	EndGlobalSection
	GlobalSection(ExtensibilityGlobals) = postSolution
		SolutionGuid = {066C0838-89AB-4135-BB39-F813F318AAA8}
	EndGlobalSection
EndGlobal
